
Microsoft Visual Studio Solution File, Format Version 12.00
# Visual Studio Version 16
VisualStudioVersion = 16.0.29409.12
MinimumVisualStudioVersion = 10.0.40219.1
Project("{9A19103F-16F7-4668-BE54-9A1E7A4F7556}") = "MultiTenancyServer", "src\Core\MultiTenancyServer.csproj", "{DD00DD00-AA65-4670-BF29-189BE32ED854}"
EndProject
Project("{9A19103F-16F7-4668-BE54-9A1E7A4F7556}") = "MultiTenancyServer.Stores", "src\Stores\MultiTenancyServer.Stores.csproj", "{074B6C70-E1EC-43AF-AE1C-C5B55BC4D81B}"
EndProject
Project("{2150E333-8FDC-42A3-9474-1A3956D46DE8}") = "Solution Items", "Solution Items", "{AA50E256-B1A8-456C-B82E-C910A7803D73}"
	ProjectSection(SolutionItems) = preProject
		.editorconfig = .editorconfig
		.gitignore = .gitignore
		appveyor.yml = appveyor.yml
		Directory.Build.props = Directory.Build.props
		LICENSE = LICENSE
		README.md = README.md
	EndProjectSection
EndProject
Global
	GlobalSection(SolutionConfigurationPlatforms) = preSolution
		Debug|Any CPU = Debug|Any CPU
		Release|Any CPU = Release|Any CPU
	EndGlobalSection
	GlobalSection(ProjectConfigurationPlatforms) = postSolution
		{DD00DD00-AA65-4670-BF29-189BE32ED854}.Debug|Any CPU.ActiveCfg = Debug|Any CPU
		{DD00DD00-AA65-4670-BF29-189BE32ED854}.Debug|Any CPU.Build.0 = Debug|Any CPU
		{DD00DD00-AA65-4670-BF29-189BE32ED854}.Release|Any CPU.ActiveCfg = Release|Any CPU
		{DD00DD00-AA65-4670-BF29-189BE32ED854}.Release|Any CPU.Build.0 = Release|Any CPU
		{074B6C70-E1EC-43AF-AE1C-C5B55BC4D81B}.Debug|Any CPU.ActiveCfg = Debug|Any CPU
		{074B6C70-E1EC-43AF-AE1C-C5B55BC4D81B}.Debug|Any CPU.Build.0 = Debug|Any CPU
		{074B6C70-E1EC-43AF-AE1C-C5B55BC4D81B}.Release|Any CPU.ActiveCfg = Release|Any CPU
		{074B6C70-E1EC-43AF-AE1C-C5B55BC4D81B}.Release|Any CPU.Build.0 = Release|Any CPU
	EndGlobalSection
	GlobalSection(SolutionProperties) = preSolution
		HideSolutionNode = FALSE
	EndGlobalSection
	GlobalSection(ExtensibilityGlobals) = postSolution
		SolutionGuid = {EBE74528-DB53-4F90-927C-E08588B4EC9F}
	EndGlobalSection
EndGlobal
